<?xml version="1.0" encoding="utf-8"?>
<Project ToolsVersion="4.0" xmlns="http://schemas.microsoft.com/developer/msbuild/2003">
  <ItemGroup>
    <Filter Include="Default">
      <UniqueIdentifier>{fc1748ca-a3e4-40c1-aad5-ba2783604eff}</UniqueIdentifier>
    </Filter>
    <Filter Include="Script">
      <UniqueIdentifier>{3a1da0d0-1365-4bb7-9247-39ac884b141a}</UniqueIdentifier>
    </Filter>
    <Filter Include="Script\Humanoid">
      <UniqueIdentifier>{1058f108-5073-498b-9556-0cca67906041}</UniqueIdentifier>
    </Filter>
    <Filter Include="ScriptManager">
      <UniqueIdentifier>{b6e8145b-0031-461e-8822-d07f4a1e246b}</UniqueIdentifier>
    </Filter>
  </ItemGroup>
  <ItemGroup>
    <ClInclude Include="framework.h">
      <Filter>Default</Filter>
    </ClInclude>
    <ClInclude Include="pch.h">
      <Filter>Default</Filter>
    </ClInclude>
    <ClInclude Include="SpotLight2DMove.h">
      <Filter>Script</Filter>
    </ClInclude>
    <ClInclude Include="HumanoidScript.h">
      <Filter>Script\Humanoid</Filter>
    </ClInclude>
    <ClInclude Include="ScriptManager.h">
      <Filter>ScriptManager</Filter>
    </ClInclude>
  </ItemGroup>
  <ItemGroup>
    <ClCompile Include="pch.cpp">
      <Filter>Default</Filter>
    </ClCompile>
    <ClCompile Include="Scripts.cpp">
      <Filter>Default</Filter>
    </ClCompile>
    <ClCompile Include="SpotLight2DMove.cpp">
      <Filter>Script</Filter>
    </ClCompile>
    <ClCompile Include="HumanoidScript.cpp">
      <Filter>Script\Humanoid</Filter>
    </ClCompile>
    <ClCompile Include="ScriptManager.cpp">
      <Filter>ScriptManager</Filter>
    </ClCompile>
  </ItemGroup>
</Project>