<?xml version="1.0" encoding="utf-8"?>
<Project ToolsVersion="4.0" xmlns="http://schemas.microsoft.com/developer/msbuild/2003">
  <ItemGroup>
    <Filter Include="0_Default">
      <UniqueIdentifier>{976309a7-07d8-457c-9b7f-6bc83f805270}</UniqueIdentifier>
    </Filter>
    <Filter Include="0_Default\pch">
      <UniqueIdentifier>{95a26cc1-5d52-49f2-8f31-228abc0a4992}</UniqueIdentifier>
    </Filter>
    <Filter Include="0_Default\Header">
      <UniqueIdentifier>{e87c4612-9167-43ca-81f8-e546b204dcfc}</UniqueIdentifier>
    </Filter>
    <Filter Include="01_Basic">
      <UniqueIdentifier>{617f5d94-e7e2-4f3e-9310-0ab2ab7b7c8f}</UniqueIdentifier>
    </Filter>
    <Filter Include="01_Basic\Time">
      <UniqueIdentifier>{e2de632d-9ecf-43c5-a5e5-b37715126cc3}</UniqueIdentifier>
    </Filter>
    <Filter Include="01_Basic\Input">
      <UniqueIdentifier>{3002f376-0cdf-4a02-a532-f84a4eee8483}</UniqueIdentifier>
    </Filter>
    <Filter Include="01_Basic\Actor">
      <UniqueIdentifier>{ab4ef27e-0623-4472-b652-8e27f2ca6a13}</UniqueIdentifier>
    </Filter>
    <Filter Include="01_Basic\Component">
      <UniqueIdentifier>{52071b8b-fe31-47fb-8c56-4c8bf86f09b1}</UniqueIdentifier>
    </Filter>
    <Filter Include="01_Basic\Engine">
      <UniqueIdentifier>{af015e03-e944-425a-b2d8-06789f014dfe}</UniqueIdentifier>
    </Filter>
    <Filter Include="01_Basic\Chapter">
      <UniqueIdentifier>{a610fea3-fc03-4907-8cac-7386f1499ee0}</UniqueIdentifier>
    </Filter>
    <Filter Include="01_Basic\Chapter\Room">
      <UniqueIdentifier>{f13cba26-4208-49a6-9cb9-850f1f74154a}</UniqueIdentifier>
    </Filter>
    <Filter Include="01_Basic\Chapter\Room\Layer">
      <UniqueIdentifier>{97e22aa5-1be1-4805-8a99-59f9bcc15af3}</UniqueIdentifier>
    </Filter>
    <Filter Include="01_Basic\Collision">
      <UniqueIdentifier>{8401d1bb-90ee-40da-875f-62aa4a71c683}</UniqueIdentifier>
    </Filter>
    <Filter Include="01_Basic\ChpaterManager">
      <UniqueIdentifier>{937263d6-8374-4e70-8ba3-7b874945b305}</UniqueIdentifier>
    </Filter>
    <Filter Include="02_Derived">
      <UniqueIdentifier>{21418021-1b47-4377-b907-85c8162c10eb}</UniqueIdentifier>
    </Filter>
    <Filter Include="02_Derived\Component">
      <UniqueIdentifier>{c4a9f9dd-bdc3-474f-9613-8f70fe12a258}</UniqueIdentifier>
    </Filter>
    <Filter Include="02_Derived\Chapter">
      <UniqueIdentifier>{385b2696-b616-4af1-9e34-2a0c901e09d2}</UniqueIdentifier>
    </Filter>
    <Filter Include="02_Derived\Room">
      <UniqueIdentifier>{8c25dd5c-9546-4865-a3e1-e89da898c909}</UniqueIdentifier>
    </Filter>
    <Filter Include="02_Derived\Actor">
      <UniqueIdentifier>{fd3952d4-e8db-4db4-9821-bf0708c210fe}</UniqueIdentifier>
    </Filter>
    <Filter Include="01_Basic\RenderManager">
      <UniqueIdentifier>{87d3064c-312f-475f-902f-549a2295aa9f}</UniqueIdentifier>
    </Filter>
    <Filter Include="01_Basic\ResourceManager">
      <UniqueIdentifier>{623d8b65-a4ce-4ee1-a1f9-b96f13044a83}</UniqueIdentifier>
    </Filter>
    <Filter Include="01_Basic\ResourceManager\Resource">
      <UniqueIdentifier>{a1a59f4b-bb74-4c54-8a2e-2541b336acbf}</UniqueIdentifier>
    </Filter>
    <Filter Include="02_Derived\Resource">
      <UniqueIdentifier>{7c6794c5-7b71-4f32-a7d4-70729ec96108}</UniqueIdentifier>
    </Filter>
  </ItemGroup>
  <ItemGroup>
    <ClInclude Include="pch.h">
      <Filter>0_Default\pch</Filter>
    </ClInclude>
    <ClInclude Include="framework.h">
      <Filter>0_Default\Header</Filter>
    </ClInclude>
    <ClInclude Include="Engine.h">
      <Filter>01_Basic\Engine</Filter>
    </ClInclude>
    <ClInclude Include="Time.h">
      <Filter>01_Basic\Time</Filter>
    </ClInclude>
    <ClInclude Include="define.h">
      <Filter>0_Default\Header</Filter>
    </ClInclude>
    <ClInclude Include="Actor.h">
      <Filter>01_Basic\Actor</Filter>
    </ClInclude>
    <ClInclude Include="math.h">
      <Filter>0_Default\Header</Filter>
    </ClInclude>
    <ClInclude Include="Component.h">
      <Filter>01_Basic\Component</Filter>
    </ClInclude>
    <ClInclude Include="Input.h">
      <Filter>01_Basic\Input</Filter>
    </ClInclude>
    <ClInclude Include="Entity.h">
      <Filter>01_Basic</Filter>
    </ClInclude>
    <ClInclude Include="CollisionManager.h">
      <Filter>01_Basic\Collision</Filter>
    </ClInclude>
    <ClInclude Include="Collider.h">
      <Filter>01_Basic\Collision</Filter>
    </ClInclude>
    <ClInclude Include="BoxCollider.h">
      <Filter>02_Derived\Component</Filter>
    </ClInclude>
    <ClInclude Include="CircleCollider.h">
      <Filter>02_Derived\Component</Filter>
    </ClInclude>
    <ClInclude Include="Chapter.h">
      <Filter>01_Basic\Chapter</Filter>
    </ClInclude>
    <ClInclude Include="Room.h">
      <Filter>01_Basic\Chapter\Room</Filter>
    </ClInclude>
    <ClInclude Include="Layer.h">
      <Filter>01_Basic\Chapter\Room\Layer</Filter>
    </ClInclude>
    <ClInclude Include="Humanoid.h">
      <Filter>02_Derived\Actor</Filter>
    </ClInclude>
    <ClInclude Include="ChapterManager.h">
      <Filter>01_Basic\ChpaterManager</Filter>
    </ClInclude>
    <ClInclude Include="RenderManager.h">
      <Filter>01_Basic\RenderManager</Filter>
    </ClInclude>
    <ClInclude Include="TextureRenderer.h">
      <Filter>02_Derived\Component</Filter>
    </ClInclude>
    <ClInclude Include="Animator.h">
      <Filter>02_Derived\Component</Filter>
    </ClInclude>
    <ClInclude Include="ResourceManager.h">
      <Filter>01_Basic\ResourceManager</Filter>
    </ClInclude>
    <ClInclude Include="Resource.h">
      <Filter>01_Basic\ResourceManager\Resource</Filter>
    </ClInclude>
    <ClInclude Include="Texture.h">
      <Filter>02_Derived\Resource</Filter>
    </ClInclude>
    <ClInclude Include="Anim.h">
      <Filter>02_Derived\Resource</Filter>
    </ClInclude>
  </ItemGroup>
  <ItemGroup>
    <ClCompile Include="pch.cpp">
      <Filter>0_Default\pch</Filter>
    </ClCompile>
    <ClCompile Include="Engine.cpp">
      <Filter>01_Basic\Engine</Filter>
    </ClCompile>
    <ClCompile Include="Time.cpp">
      <Filter>01_Basic\Time</Filter>
    </ClCompile>
    <ClCompile Include="Actor.cpp">
      <Filter>01_Basic\Actor</Filter>
    </ClCompile>
    <ClCompile Include="Component.cpp">
      <Filter>01_Basic\Component</Filter>
    </ClCompile>
    <ClCompile Include="Input.cpp">
      <Filter>01_Basic\Input</Filter>
    </ClCompile>
    <ClCompile Include="Entity.cpp">
      <Filter>01_Basic</Filter>
    </ClCompile>
    <ClCompile Include="CollisionManager.cpp">
      <Filter>01_Basic\Collision</Filter>
    </ClCompile>
    <ClCompile Include="Collider.cpp">
      <Filter>01_Basic\Collision</Filter>
    </ClCompile>
    <ClCompile Include="BoxCollider.cpp">
      <Filter>02_Derived\Component</Filter>
    </ClCompile>
    <ClCompile Include="CircleCollider.cpp">
      <Filter>02_Derived\Component</Filter>
    </ClCompile>
    <ClCompile Include="Chapter.cpp">
      <Filter>01_Basic\Chapter</Filter>
    </ClCompile>
    <ClCompile Include="Room.cpp">
      <Filter>01_Basic\Chapter\Room</Filter>
    </ClCompile>
    <ClCompile Include="Layer.cpp">
      <Filter>01_Basic\Chapter\Room\Layer</Filter>
    </ClCompile>
    <ClCompile Include="Humanoid.cpp">
      <Filter>02_Derived\Actor</Filter>
    </ClCompile>
    <ClCompile Include="ChapterManager.cpp">
      <Filter>01_Basic\ChpaterManager</Filter>
    </ClCompile>
    <ClCompile Include="RenderManager.cpp">
      <Filter>01_Basic\RenderManager</Filter>
    </ClCompile>
    <ClCompile Include="TextureRenderer.cpp">
      <Filter>02_Derived\Component</Filter>
    </ClCompile>
    <ClCompile Include="Animator.cpp">
      <Filter>02_Derived\Component</Filter>
    </ClCompile>
    <ClCompile Include="ResourceManager.cpp">
      <Filter>01_Basic\ResourceManager</Filter>
    </ClCompile>
    <ClCompile Include="Resource.cpp">
      <Filter>01_Basic\ResourceManager\Resource</Filter>
    </ClCompile>
    <ClCompile Include="Texture.cpp">
      <Filter>02_Derived\Resource</Filter>
    </ClCompile>
    <ClCompile Include="Anim.cpp">
      <Filter>02_Derived\Resource</Filter>
    </ClCompile>
  </ItemGroup>
</Project>