<?xml version="1.0" encoding="utf-8"?>
<Project ToolsVersion="4.0" xmlns="http://schemas.microsoft.com/developer/msbuild/2003">
  <ItemGroup>
    <Filter Include="Default">
      <UniqueIdentifier>{16ff3c47-b541-4624-a5db-bd9be62dec09}</UniqueIdentifier>
    </Filter>
    <Filter Include="Default\Header">
      <UniqueIdentifier>{6fb01863-0a20-4c3a-b533-f86528f5affe}</UniqueIdentifier>
    </Filter>
    <Filter Include="Default\Resource">
      <UniqueIdentifier>{0c4c32c0-6d1c-4a87-9898-0d02159cca59}</UniqueIdentifier>
    </Filter>
    <Filter Include="ImGui">
      <UniqueIdentifier>{c358980b-941b-489b-8e9c-6ebacc65f959}</UniqueIdentifier>
    </Filter>
    <Filter Include="Default\pch">
      <UniqueIdentifier>{43ab4c61-1f19-4121-bfdc-ecdf461825c0}</UniqueIdentifier>
    </Filter>
    <Filter Include="ImGuiManager">
      <UniqueIdentifier>{8992aaa4-cbc7-4d6c-9f1b-a5291683b3dd}</UniqueIdentifier>
    </Filter>
    <Filter Include="GUI">
      <UniqueIdentifier>{e33c2fae-01b9-49b6-a627-d829672f9758}</UniqueIdentifier>
    </Filter>
    <Filter Include="GUI\Inspector">
      <UniqueIdentifier>{010163e1-b70c-4de4-b171-3ac14110ff77}</UniqueIdentifier>
    </Filter>
    <Filter Include="GUI\Outliner">
      <UniqueIdentifier>{d631dd2c-d92a-4722-9061-67414ddbb305}</UniqueIdentifier>
    </Filter>
    <Filter Include="GUI\Content">
      <UniqueIdentifier>{990191bd-873e-4fbe-9532-ccb18d0ea019}</UniqueIdentifier>
    </Filter>
    <Filter Include="GUI\Inspector\Component">
      <UniqueIdentifier>{19e4c36d-bfa3-41ea-acd7-a127dad84adb}</UniqueIdentifier>
    </Filter>
    <Filter Include="GUI\Inspector\Resource">
      <UniqueIdentifier>{3522cb50-7cdf-4fcb-bc87-aa6f95315c43}</UniqueIdentifier>
    </Filter>
    <Filter Include="GUI\Inspector\Component\Transform">
      <UniqueIdentifier>{d269db0c-60bb-4b98-b7ee-b8da3990cd43}</UniqueIdentifier>
    </Filter>
    <Filter Include="GUI\Inspector\Component\MeshRenderer">
      <UniqueIdentifier>{8236df18-1e23-4cf8-bbbd-3c86694f75a2}</UniqueIdentifier>
    </Filter>
    <Filter Include="GUI\Inspector\Component\Camera">
      <UniqueIdentifier>{830168cc-ef12-4573-984f-194b0cf570a2}</UniqueIdentifier>
    </Filter>
    <Filter Include="GUI\Inspector\Component\Animator2D">
      <UniqueIdentifier>{c3eefe1b-3044-44bc-a3c4-296bf7e20b23}</UniqueIdentifier>
    </Filter>
    <Filter Include="GUI\Inspector\Component\Collider2D">
      <UniqueIdentifier>{dfd586dc-b44f-43b5-a753-0e634aa3105b}</UniqueIdentifier>
    </Filter>
    <Filter Include="GUI\Inspector\Component\Light2D">
      <UniqueIdentifier>{6a9ba4cd-8533-42b0-80d0-cec6e6ee1a01}</UniqueIdentifier>
    </Filter>
    <Filter Include="GUI\List">
      <UniqueIdentifier>{03a39e9e-b57f-4273-9e85-dbd712dd554c}</UniqueIdentifier>
    </Filter>
    <Filter Include="GUI\Editor">
      <UniqueIdentifier>{135cccb1-9de6-4095-9eba-938d9e70f17b}</UniqueIdentifier>
    </Filter>
    <Filter Include="GUI\Editor\AnimEditor">
      <UniqueIdentifier>{bf73d609-ab70-4e50-b28d-1c414c5c9086}</UniqueIdentifier>
    </Filter>
    <Filter Include="GUI\Editor\RoomEditor">
      <UniqueIdentifier>{5c6f6c73-db5f-41d0-b8f7-adf4fde38ebc}</UniqueIdentifier>
    </Filter>
    <Filter Include="ImGui\FileDialog">
      <UniqueIdentifier>{77c23aea-8be5-462b-86be-67cc9f7321fa}</UniqueIdentifier>
    </Filter>
  </ItemGroup>
  <ItemGroup>
    <ClInclude Include="framework.h">
      <Filter>Default\Header</Filter>
    </ClInclude>
    <ClInclude Include="Resource.h">
      <Filter>Default\Header</Filter>
    </ClInclude>
    <ClInclude Include="targetver.h">
      <Filter>Default\Header</Filter>
    </ClInclude>
    <ClInclude Include="main.h">
      <Filter>Default\Header</Filter>
    </ClInclude>
    <ClInclude Include="imgui.h">
      <Filter>ImGui</Filter>
    </ClInclude>
    <ClInclude Include="imgui_impl_dx11.h">
      <Filter>ImGui</Filter>
    </ClInclude>
    <ClInclude Include="imgui_impl_win32.h">
      <Filter>ImGui</Filter>
    </ClInclude>
    <ClInclude Include="imgui_internal.h">
      <Filter>ImGui</Filter>
    </ClInclude>
    <ClInclude Include="imstb_rectpack.h">
      <Filter>ImGui</Filter>
    </ClInclude>
    <ClInclude Include="imstb_textedit.h">
      <Filter>ImGui</Filter>
    </ClInclude>
    <ClInclude Include="imstb_truetype.h">
      <Filter>ImGui</Filter>
    </ClInclude>
    <ClInclude Include="imconfig.h">
      <Filter>ImGui</Filter>
    </ClInclude>
    <ClInclude Include="pch.h">
      <Filter>Default\pch</Filter>
    </ClInclude>
    <ClInclude Include="ImGuiManager.h">
      <Filter>ImGuiManager</Filter>
    </ClInclude>
    <ClInclude Include="GUI.h">
      <Filter>GUI</Filter>
    </ClInclude>
    <ClInclude Include="InspectorGUI.h">
      <Filter>GUI\Inspector</Filter>
    </ClInclude>
    <ClInclude Include="TransformGUI.h">
      <Filter>GUI\Inspector\Component\Transform</Filter>
    </ClInclude>
    <ClInclude Include="ComponentGUI.h">
      <Filter>GUI\Inspector\Component</Filter>
    </ClInclude>
    <ClInclude Include="Animator2DGUI.h">
      <Filter>GUI\Inspector\Component\Animator2D</Filter>
    </ClInclude>
    <ClInclude Include="ListGUI.h">
      <Filter>GUI\List</Filter>
    </ClInclude>
    <ClInclude Include="MeshRendererGUI.h">
      <Filter>GUI\Inspector\Component\MeshRenderer</Filter>
    </ClInclude>
    <ClInclude Include="EditorGUI.h">
      <Filter>GUI\Editor</Filter>
    </ClInclude>
    <ClInclude Include="AnimEditorGUI.h">
      <Filter>GUI\Editor\AnimEditor</Filter>
    </ClInclude>
    <ClInclude Include="AnimEditorRenderGUI.h">
      <Filter>GUI\Editor\AnimEditor</Filter>
    </ClInclude>
    <ClInclude Include="OutlinerGUI.h">
      <Filter>GUI\Outliner</Filter>
    </ClInclude>
    <ClInclude Include="Collider2DGUI.h">
      <Filter>GUI\Inspector\Component\Collider2D</Filter>
    </ClInclude>
    <ClInclude Include="CameraGUI.h">
      <Filter>GUI\Inspector\Component\Camera</Filter>
    </ClInclude>
    <ClInclude Include="Light2DGUI.h">
      <Filter>GUI\Inspector\Component\Light2D</Filter>
    </ClInclude>
    <ClInclude Include="ImGuiFileDialog.h">
      <Filter>ImGui\FileDialog</Filter>
    </ClInclude>
    <ClInclude Include="ImGuiFileDialogConfig.h">
      <Filter>ImGui\FileDialog</Filter>
    </ClInclude>
    <ClInclude Include="RoomEditorGUI.h">
      <Filter>GUI\Editor\RoomEditor</Filter>
    </ClInclude>
  </ItemGroup>
  <ItemGroup>
    <Image Include="small.ico">
      <Filter>Default\Resource</Filter>
    </Image>
    <Image Include="The_Binding_Of_Isaac_Engine.ico">
      <Filter>Default\Resource</Filter>
    </Image>
  </ItemGroup>
  <ItemGroup>
    <ClCompile Include="imgui.cpp">
      <Filter>ImGui</Filter>
    </ClCompile>
    <ClCompile Include="imgui_demo.cpp">
      <Filter>ImGui</Filter>
    </ClCompile>
    <ClCompile Include="imgui_draw.cpp">
      <Filter>ImGui</Filter>
    </ClCompile>
    <ClCompile Include="imgui_impl_dx11.cpp">
      <Filter>ImGui</Filter>
    </ClCompile>
    <ClCompile Include="imgui_impl_win32.cpp">
      <Filter>ImGui</Filter>
    </ClCompile>
    <ClCompile Include="imgui_tables.cpp">
      <Filter>ImGui</Filter>
    </ClCompile>
    <ClCompile Include="imgui_widgets.cpp">
      <Filter>ImGui</Filter>
    </ClCompile>
    <ClCompile Include="pch.cpp">
      <Filter>Default\pch</Filter>
    </ClCompile>
    <ClCompile Include="ImGuiManager.cpp">
      <Filter>ImGuiManager</Filter>
    </ClCompile>
    <ClCompile Include="main.cpp" />
    <ClCompile Include="GUI.cpp">
      <Filter>GUI</Filter>
    </ClCompile>
    <ClCompile Include="InspectorGUI.cpp">
      <Filter>GUI\Inspector</Filter>
    </ClCompile>
    <ClCompile Include="TransformGUI.cpp">
      <Filter>GUI\Inspector\Component\Transform</Filter>
    </ClCompile>
    <ClCompile Include="ComponentGUI.cpp">
      <Filter>GUI\Inspector\Component</Filter>
    </ClCompile>
    <ClCompile Include="Animator2DGUI.cpp">
      <Filter>GUI\Inspector\Component\Animator2D</Filter>
    </ClCompile>
    <ClCompile Include="ListGUI.cpp">
      <Filter>GUI\List</Filter>
    </ClCompile>
    <ClCompile Include="MeshRendererGUI.cpp">
      <Filter>GUI\Inspector\Component\MeshRenderer</Filter>
    </ClCompile>
    <ClCompile Include="EditorGUI.cpp">
      <Filter>GUI\Editor</Filter>
    </ClCompile>
    <ClCompile Include="AnimEditorGUI.cpp">
      <Filter>GUI\Editor\AnimEditor</Filter>
    </ClCompile>
    <ClCompile Include="AnimEditorRenderGUI.cpp">
      <Filter>GUI\Editor\AnimEditor</Filter>
    </ClCompile>
    <ClCompile Include="OutlinerGUI.cpp">
      <Filter>GUI\Outliner</Filter>
    </ClCompile>
    <ClCompile Include="Collider2DGUI.cpp">
      <Filter>GUI\Inspector\Component\Collider2D</Filter>
    </ClCompile>
    <ClCompile Include="CameraGUI.cpp">
      <Filter>GUI\Inspector\Component\Camera</Filter>
    </ClCompile>
    <ClCompile Include="Light2DGUI.cpp">
      <Filter>GUI\Inspector\Component\Light2D</Filter>
    </ClCompile>
    <ClCompile Include="ImGuiFileDialog.cpp">
      <Filter>ImGui\FileDialog</Filter>
    </ClCompile>
    <ClCompile Include="RoomEditorGUI.cpp">
      <Filter>GUI\Editor\RoomEditor</Filter>
    </ClCompile>
  </ItemGroup>
  <ItemGroup>
    <ResourceCompile Include="The_Binding_Of_Isaac_Engine.rc">
      <Filter>Default\Resource</Filter>
    </ResourceCompile>
  </ItemGroup>
</Project>